
Microsoft Visual Studio Solution File, Format Version 12.00
# Visual Studio Version 17
VisualStudioVersion = 17.4.33403.182
MinimumVisualStudioVersion = 10.0.40219.1
Project("{FAE04EC0-301F-11D3-BF4B-00C04F79EFBC}") = "Laboratorio11_03_23_Angel_Perez", "Laboratorio11_03_23_Angel_Perez\Laboratorio11_03_23_Angel_Perez.csproj", "{215E0C6F-458B-41F6-A89B-86AA8B276176}"
EndProject
Global
	GlobalSection(SolutionConfigurationPlatforms) = preSolution
		Debug|Any CPU = Debug|Any CPU
		Release|Any CPU = Release|Any CPU
	EndGlobalSection
	GlobalSection(ProjectConfigurationPlatforms) = postSolution
		{215E0C6F-458B-41F6-A89B-86AA8B276176}.Debug|Any CPU.ActiveCfg = Debug|Any CPU
		{215E0C6F-458B-41F6-A89B-86AA8B276176}.Debug|Any CPU.Build.0 = Debug|Any CPU
		{215E0C6F-458B-41F6-A89B-86AA8B276176}.Release|Any CPU.ActiveCfg = Release|Any CPU
		{215E0C6F-458B-41F6-A89B-86AA8B276176}.Release|Any CPU.Build.0 = Release|Any CPU
	EndGlobalSection
	GlobalSection(SolutionProperties) = preSolution
		HideSolutionNode = FALSE
	EndGlobalSection
	GlobalSection(ExtensibilityGlobals) = postSolution
		SolutionGuid = {33DC005D-2A1B-4BD3-A73F-06722F628DDD}
	EndGlobalSection
EndGlobal
